
Microsoft Visual Studio Solution File, Format Version 12.00
# Visual Studio Version 17
VisualStudioVersion = 17.9.34701.34
MinimumVisualStudioVersion = 10.0.40219.1
Project("{2150E333-8FDC-42A3-9474-1A3956D46DE8}") = "Common", "Common", "{4E40019B-03C3-4C6B-ACC6-A6E480A08F14}"
EndProject
Project("{2150E333-8FDC-42A3-9474-1A3956D46DE8}") = "ProfileManagement", "ProfileManagement", "{6B3F6FFE-5E86-4C98-B6B4-1F1FF9D275BF}"
EndProject
Project("{2150E333-8FDC-42A3-9474-1A3956D46DE8}") = "Games", "Games", "{4C3EB7CF-FB8D-424F-8F42-1DF890DEAED4}"
EndProject
Project("{2150E333-8FDC-42A3-9474-1A3956D46DE8}") = "Stories", "Stories", "{1F798BAA-15D8-4E15-8DBD-1E124EFFE495}"
EndProject
Project("{FAE04EC0-301F-11D3-BF4B-00C04F79EFBC}") = "Games.Domain", "GuessMyMurder.Games.Domain\Games.Domain.csproj", "{94D17F33-8A85-468D-99BE-8C97B6783D28}"
EndProject
Project("{FAE04EC0-301F-11D3-BF4B-00C04F79EFBC}") = "Games.Application", "GuessMyMurder.Games.Application\Games.Application.csproj", "{C9AA4942-AB23-47B3-8D81-FA9597250D84}"
EndProject
Project("{FAE04EC0-301F-11D3-BF4B-00C04F79EFBC}") = "Games.Infrastructure", "Games.Infrastructure\Games.Infrastructure.csproj", "{90644324-DC03-4967-951B-2CABF20D7BD4}"
EndProject
Project("{FAE04EC0-301F-11D3-BF4B-00C04F79EFBC}") = "Games.Web", "Games.Web\Games.Web.csproj", "{F07C4463-0E91-4046-93B1-D862350439C4}"
EndProject
Project("{FAE04EC0-301F-11D3-BF4B-00C04F79EFBC}") = "Games.Startup", "Games.Startup\Games.Startup.csproj", "{8F3EDE68-09A2-499E-A05E-D1030BF3D925}"
EndProject
Project("{FAE04EC0-301F-11D3-BF4B-00C04F79EFBC}") = "Common.Domain", "Common.Domain\Common.Domain.csproj", "{0D22B795-7E1A-4FE7-9053-30E9096FB82B}"
EndProject
Project("{FAE04EC0-301F-11D3-BF4B-00C04F79EFBC}") = "Common.Application", "Common.Application\Common.Application.csproj", "{7ECB2C42-3CEB-4800-A07A-764D026FC2D7}"
EndProject
Project("{FAE04EC0-301F-11D3-BF4B-00C04F79EFBC}") = "Common.Infrastructure", "Common.Infrastructure\Common.Infrastructure.csproj", "{DB37B847-C9AF-41FE-8D3F-FD8A1F6619B9}"
EndProject
Project("{FAE04EC0-301F-11D3-BF4B-00C04F79EFBC}") = "Common.Web", "Common.Web\Common.Web.csproj", "{6B432868-80F1-4D3C-8A05-257577CC8DA8}"
EndProject
Project("{FAE04EC0-301F-11D3-BF4B-00C04F79EFBC}") = "Stories.Domain", "Stories.Domain\Stories.Domain.csproj", "{EFBB3786-3BB1-4A9D-A510-99F2EA78FAC7}"
EndProject
Project("{FAE04EC0-301F-11D3-BF4B-00C04F79EFBC}") = "Stories.Application", "Stories.Application\Stories.Application.csproj", "{5A7C16BE-DC54-45C4-9972-65DA1402A864}"
EndProject
Project("{FAE04EC0-301F-11D3-BF4B-00C04F79EFBC}") = "Stories.Infrastructure", "Stories.Infrastructure\Stories.Infrastructure.csproj", "{1EB2C947-F068-4814-BC84-6324CCB580D2}"
EndProject
Project("{FAE04EC0-301F-11D3-BF4B-00C04F79EFBC}") = "Stories.Startup", "Stories.Startup\Stories.Startup.csproj", "{B591EE1F-20E9-4579-BA93-CA38E368FE89}"
EndProject
Project("{FAE04EC0-301F-11D3-BF4B-00C04F79EFBC}") = "Stories.Web", "Stories.Web\Stories.Web.csproj", "{55E04383-2BD9-42A9-A7E3-162A1F145BAD}"
EndProject
Global
	GlobalSection(SolutionConfigurationPlatforms) = preSolution
		Debug|Any CPU = Debug|Any CPU
		Release|Any CPU = Release|Any CPU
	EndGlobalSection
	GlobalSection(ProjectConfigurationPlatforms) = postSolution
		{94D17F33-8A85-468D-99BE-8C97B6783D28}.Debug|Any CPU.ActiveCfg = Debug|Any CPU
		{94D17F33-8A85-468D-99BE-8C97B6783D28}.Debug|Any CPU.Build.0 = Debug|Any CPU
		{94D17F33-8A85-468D-99BE-8C97B6783D28}.Release|Any CPU.ActiveCfg = Release|Any CPU
		{94D17F33-8A85-468D-99BE-8C97B6783D28}.Release|Any CPU.Build.0 = Release|Any CPU
		{C9AA4942-AB23-47B3-8D81-FA9597250D84}.Debug|Any CPU.ActiveCfg = Debug|Any CPU
		{C9AA4942-AB23-47B3-8D81-FA9597250D84}.Debug|Any CPU.Build.0 = Debug|Any CPU
		{C9AA4942-AB23-47B3-8D81-FA9597250D84}.Release|Any CPU.ActiveCfg = Release|Any CPU
		{C9AA4942-AB23-47B3-8D81-FA9597250D84}.Release|Any CPU.Build.0 = Release|Any CPU
		{90644324-DC03-4967-951B-2CABF20D7BD4}.Debug|Any CPU.ActiveCfg = Debug|Any CPU
		{90644324-DC03-4967-951B-2CABF20D7BD4}.Debug|Any CPU.Build.0 = Debug|Any CPU
		{90644324-DC03-4967-951B-2CABF20D7BD4}.Release|Any CPU.ActiveCfg = Release|Any CPU
		{90644324-DC03-4967-951B-2CABF20D7BD4}.Release|Any CPU.Build.0 = Release|Any CPU
		{F07C4463-0E91-4046-93B1-D862350439C4}.Debug|Any CPU.ActiveCfg = Debug|Any CPU
		{F07C4463-0E91-4046-93B1-D862350439C4}.Debug|Any CPU.Build.0 = Debug|Any CPU
		{F07C4463-0E91-4046-93B1-D862350439C4}.Release|Any CPU.ActiveCfg = Release|Any CPU
		{F07C4463-0E91-4046-93B1-D862350439C4}.Release|Any CPU.Build.0 = Release|Any CPU
		{8F3EDE68-09A2-499E-A05E-D1030BF3D925}.Debug|Any CPU.ActiveCfg = Debug|Any CPU
		{8F3EDE68-09A2-499E-A05E-D1030BF3D925}.Debug|Any CPU.Build.0 = Debug|Any CPU
		{8F3EDE68-09A2-499E-A05E-D1030BF3D925}.Release|Any CPU.ActiveCfg = Release|Any CPU
		{8F3EDE68-09A2-499E-A05E-D1030BF3D925}.Release|Any CPU.Build.0 = Release|Any CPU
		{0D22B795-7E1A-4FE7-9053-30E9096FB82B}.Debug|Any CPU.ActiveCfg = Debug|Any CPU
		{0D22B795-7E1A-4FE7-9053-30E9096FB82B}.Debug|Any CPU.Build.0 = Debug|Any CPU
		{0D22B795-7E1A-4FE7-9053-30E9096FB82B}.Release|Any CPU.ActiveCfg = Release|Any CPU
		{0D22B795-7E1A-4FE7-9053-30E9096FB82B}.Release|Any CPU.Build.0 = Release|Any CPU
		{7ECB2C42-3CEB-4800-A07A-764D026FC2D7}.Debug|Any CPU.ActiveCfg = Debug|Any CPU
		{7ECB2C42-3CEB-4800-A07A-764D026FC2D7}.Debug|Any CPU.Build.0 = Debug|Any CPU
		{7ECB2C42-3CEB-4800-A07A-764D026FC2D7}.Release|Any CPU.ActiveCfg = Release|Any CPU
		{7ECB2C42-3CEB-4800-A07A-764D026FC2D7}.Release|Any CPU.Build.0 = Release|Any CPU
		{DB37B847-C9AF-41FE-8D3F-FD8A1F6619B9}.Debug|Any CPU.ActiveCfg = Debug|Any CPU
		{DB37B847-C9AF-41FE-8D3F-FD8A1F6619B9}.Debug|Any CPU.Build.0 = Debug|Any CPU
		{DB37B847-C9AF-41FE-8D3F-FD8A1F6619B9}.Release|Any CPU.ActiveCfg = Release|Any CPU
		{DB37B847-C9AF-41FE-8D3F-FD8A1F6619B9}.Release|Any CPU.Build.0 = Release|Any CPU
		{6B432868-80F1-4D3C-8A05-257577CC8DA8}.Debug|Any CPU.ActiveCfg = Debug|Any CPU
		{6B432868-80F1-4D3C-8A05-257577CC8DA8}.Debug|Any CPU.Build.0 = Debug|Any CPU
		{6B432868-80F1-4D3C-8A05-257577CC8DA8}.Release|Any CPU.ActiveCfg = Release|Any CPU
		{6B432868-80F1-4D3C-8A05-257577CC8DA8}.Release|Any CPU.Build.0 = Release|Any CPU
		{EFBB3786-3BB1-4A9D-A510-99F2EA78FAC7}.Debug|Any CPU.ActiveCfg = Debug|Any CPU
		{EFBB3786-3BB1-4A9D-A510-99F2EA78FAC7}.Debug|Any CPU.Build.0 = Debug|Any CPU
		{EFBB3786-3BB1-4A9D-A510-99F2EA78FAC7}.Release|Any CPU.ActiveCfg = Release|Any CPU
		{EFBB3786-3BB1-4A9D-A510-99F2EA78FAC7}.Release|Any CPU.Build.0 = Release|Any CPU
		{5A7C16BE-DC54-45C4-9972-65DA1402A864}.Debug|Any CPU.ActiveCfg = Debug|Any CPU
		{5A7C16BE-DC54-45C4-9972-65DA1402A864}.Debug|Any CPU.Build.0 = Debug|Any CPU
		{5A7C16BE-DC54-45C4-9972-65DA1402A864}.Release|Any CPU.ActiveCfg = Release|Any CPU
		{5A7C16BE-DC54-45C4-9972-65DA1402A864}.Release|Any CPU.Build.0 = Release|Any CPU
		{1EB2C947-F068-4814-BC84-6324CCB580D2}.Debug|Any CPU.ActiveCfg = Debug|Any CPU
		{1EB2C947-F068-4814-BC84-6324CCB580D2}.Debug|Any CPU.Build.0 = Debug|Any CPU
		{1EB2C947-F068-4814-BC84-6324CCB580D2}.Release|Any CPU.ActiveCfg = Release|Any CPU
		{1EB2C947-F068-4814-BC84-6324CCB580D2}.Release|Any CPU.Build.0 = Release|Any CPU
		{B591EE1F-20E9-4579-BA93-CA38E368FE89}.Debug|Any CPU.ActiveCfg = Debug|Any CPU
		{B591EE1F-20E9-4579-BA93-CA38E368FE89}.Debug|Any CPU.Build.0 = Debug|Any CPU
		{B591EE1F-20E9-4579-BA93-CA38E368FE89}.Release|Any CPU.ActiveCfg = Release|Any CPU
		{B591EE1F-20E9-4579-BA93-CA38E368FE89}.Release|Any CPU.Build.0 = Release|Any CPU
		{55E04383-2BD9-42A9-A7E3-162A1F145BAD}.Debug|Any CPU.ActiveCfg = Debug|Any CPU
		{55E04383-2BD9-42A9-A7E3-162A1F145BAD}.Debug|Any CPU.Build.0 = Debug|Any CPU
		{55E04383-2BD9-42A9-A7E3-162A1F145BAD}.Release|Any CPU.ActiveCfg = Release|Any CPU
		{55E04383-2BD9-42A9-A7E3-162A1F145BAD}.Release|Any CPU.Build.0 = Release|Any CPU
	EndGlobalSection
	GlobalSection(SolutionProperties) = preSolution
		HideSolutionNode = FALSE
	EndGlobalSection
	GlobalSection(NestedProjects) = preSolution
		{94D17F33-8A85-468D-99BE-8C97B6783D28} = {4C3EB7CF-FB8D-424F-8F42-1DF890DEAED4}
		{C9AA4942-AB23-47B3-8D81-FA9597250D84} = {4C3EB7CF-FB8D-424F-8F42-1DF890DEAED4}
		{90644324-DC03-4967-951B-2CABF20D7BD4} = {4C3EB7CF-FB8D-424F-8F42-1DF890DEAED4}
		{F07C4463-0E91-4046-93B1-D862350439C4} = {4C3EB7CF-FB8D-424F-8F42-1DF890DEAED4}
		{8F3EDE68-09A2-499E-A05E-D1030BF3D925} = {4C3EB7CF-FB8D-424F-8F42-1DF890DEAED4}
		{0D22B795-7E1A-4FE7-9053-30E9096FB82B} = {4E40019B-03C3-4C6B-ACC6-A6E480A08F14}
		{7ECB2C42-3CEB-4800-A07A-764D026FC2D7} = {4E40019B-03C3-4C6B-ACC6-A6E480A08F14}
		{DB37B847-C9AF-41FE-8D3F-FD8A1F6619B9} = {4E40019B-03C3-4C6B-ACC6-A6E480A08F14}
		{6B432868-80F1-4D3C-8A05-257577CC8DA8} = {4E40019B-03C3-4C6B-ACC6-A6E480A08F14}
		{EFBB3786-3BB1-4A9D-A510-99F2EA78FAC7} = {1F798BAA-15D8-4E15-8DBD-1E124EFFE495}
		{5A7C16BE-DC54-45C4-9972-65DA1402A864} = {1F798BAA-15D8-4E15-8DBD-1E124EFFE495}
		{1EB2C947-F068-4814-BC84-6324CCB580D2} = {1F798BAA-15D8-4E15-8DBD-1E124EFFE495}
		{B591EE1F-20E9-4579-BA93-CA38E368FE89} = {1F798BAA-15D8-4E15-8DBD-1E124EFFE495}
		{55E04383-2BD9-42A9-A7E3-162A1F145BAD} = {1F798BAA-15D8-4E15-8DBD-1E124EFFE495}
	EndGlobalSection
	GlobalSection(ExtensibilityGlobals) = postSolution
		SolutionGuid = {36845025-60C2-456A-ADCE-10AF66D8E0E0}
	EndGlobalSection
EndGlobal
